// !$*UTF8*$!
{
	archiveVersion = 1;
	classes = {
	};
	objectVersion = 46;
	objects = {

/* Begin PBXBuildFile section */
		942815ED1AB3F496004EE6DF /* main.m in Sources */ = {isa = PBXBuildFile; fileRef = 942815EC1AB3F496004EE6DF /* main.m */; };
		942815F01AB3F496004EE6DF /* AppDelegate.m in Sources */ = {isa = PBXBuildFile; fileRef = 942815EF1AB3F496004EE6DF /* AppDelegate.m */; };
		942815F31AB3F496004EE6DF /* GameScene.m in Sources */ = {isa = PBXBuildFile; fileRef = 942815F21AB3F496004EE6DF /* GameScene.m */; };
		942815F51AB3F496004EE6DF /* GameScene.sks in Resources */ = {isa = PBXBuildFile; fileRef = 942815F41AB3F496004EE6DF /* GameScene.sks */; };
		942815F81AB3F496004EE6DF /* GameViewController.m in Sources */ = {isa = PBXBuildFile; fileRef = 942815F71AB3F496004EE6DF /* GameViewController.m */; };
		942815FB1AB3F496004EE6DF /* Main.storyboard in Resources */ = {isa = PBXBuildFile; fileRef = 942815F91AB3F496004EE6DF /* Main.storyboard */; };
		942815FD1AB3F496004EE6DF /* Images.xcassets in Resources */ = {isa = PBXBuildFile; fileRef = 942815FC1AB3F496004EE6DF /* Images.xcassets */; };
		942816001AB3F496004EE6DF /* LaunchScreen.xib in Resources */ = {isa = PBXBuildFile; fileRef = 942815FE1AB3F496004EE6DF /* LaunchScreen.xib */; };
		9428160C1AB3F496004EE6DF /* airplaneTests.m in Sources */ = {isa = PBXBuildFile; fileRef = 9428160B1AB3F496004EE6DF /* airplaneTests.m */; };
		9428161C1AB3F786004EE6DF /* airPlanesBackground.png in Resources */ = {isa = PBXBuildFile; fileRef = 942816151AB3F786004EE6DF /* airPlanesBackground.png */; };
		9428161D1AB3F786004EE6DF /* PLANE 8 L.png in Resources */ = {isa = PBXBuildFile; fileRef = 942816161AB3F786004EE6DF /* PLANE 8 L.png */; };
		9428161E1AB3F786004EE6DF /* PLANE 8 N.png in Resources */ = {isa = PBXBuildFile; fileRef = 942816171AB3F786004EE6DF /* PLANE 8 N.png */; };
		9428161F1AB3F786004EE6DF /* PLANE 8 R.png in Resources */ = {isa = PBXBuildFile; fileRef = 942816181AB3F786004EE6DF /* PLANE 8 R.png */; };
		942816201AB3F786004EE6DF /* PLANE 8 SHADOW.png in Resources */ = {isa = PBXBuildFile; fileRef = 942816191AB3F786004EE6DF /* PLANE 8 SHADOW.png */; };
		942816211AB3F786004EE6DF /* PLANE PROPELLER 1.png in Resources */ = {isa = PBXBuildFile; fileRef = 9428161A1AB3F786004EE6DF /* PLANE PROPELLER 1.png */; };
		942816221AB3F786004EE6DF /* PLANE PROPELLER 2.png in Resources */ = {isa = PBXBuildFile; fileRef = 9428161B1AB3F786004EE6DF /* PLANE PROPELLER 2.png */; };
		942816251AB43710004EE6DF /* trail.sks in Resources */ = {isa = PBXBuildFile; fileRef = 942816231AB43710004EE6DF /* trail.sks */; };
		942816261AB43710004EE6DF /* spark.png in Resources */ = {isa = PBXBuildFile; fileRef = 942816241AB43710004EE6DF /* spark.png */; };
		9428162B1AB4388B004EE6DF /* B 2.png in Resources */ = {isa = PBXBuildFile; fileRef = 942816271AB4388B004EE6DF /* B 2.png */; };
		9428162C1AB4388B004EE6DF /* PLANE 1 N.png in Resources */ = {isa = PBXBuildFile; fileRef = 942816281AB4388B004EE6DF /* PLANE 1 N.png */; };
		9428162D1AB4388B004EE6DF /* PLANE 2 N.png in Resources */ = {isa = PBXBuildFile; fileRef = 942816291AB4388B004EE6DF /* PLANE 2 N.png */; };
		9428162E1AB4388B004EE6DF /* SMOKE TRAIL.png in Resources */ = {isa = PBXBuildFile; fileRef = 9428162A1AB4388B004EE6DF /* SMOKE TRAIL.png */; };
		94A509411AB5961E00905E82 /* EXPLOSION.atlas in Resources */ = {isa = PBXBuildFile; fileRef = 94A509401AB5961E00905E82 /* EXPLOSION.atlas */; };
		94A509431AB59AA600905E82 /* Clouds.atlas in Resources */ = {isa = PBXBuildFile; fileRef = 94A509421AB59AA600905E82 /* Clouds.atlas */; };
/* End PBXBuildFile section */

/* Begin PBXContainerItemProxy section */
		942816061AB3F496004EE6DF /* PBXContainerItemProxy */ = {
			isa = PBXContainerItemProxy;
			containerPortal = 942815DF1AB3F496004EE6DF /* Project object */;
			proxyType = 1;
			remoteGlobalIDString = 942815E61AB3F496004EE6DF;
			remoteInfo = airplane;
		};
/* End PBXContainerItemProxy section */

/* Begin PBXFileReference section */
		942815E71AB3F496004EE6DF /* airplane.app */ = {isa = PBXFileReference; explicitFileType = wrapper.application; includeInIndex = 0; path = airplane.app; sourceTree = BUILT_PRODUCTS_DIR; };
		942815EB1AB3F496004EE6DF /* Info.plist */ = {isa = PBXFileReference; lastKnownFileType = text.plist.xml; path = Info.plist; sourceTree = "<group>"; };
		942815EC1AB3F496004EE6DF /* main.m */ = {isa = PBXFileReference; lastKnownFileType = sourcecode.c.objc; path = main.m; sourceTree = "<group>"; };
		942815EE1AB3F496004EE6DF /* AppDelegate.h */ = {isa = PBXFileReference; lastKnownFileType = sourcecode.c.h; path = AppDelegate.h; sourceTree = "<group>"; };
		942815EF1AB3F496004EE6DF /* AppDelegate.m */ = {isa = PBXFileReference; lastKnownFileType = sourcecode.c.objc; path = AppDelegate.m; sourceTree = "<group>"; };
		942815F11AB3F496004EE6DF /* GameScene.h */ = {isa = PBXFileReference; lastKnownFileType = sourcecode.c.h; path = GameScene.h; sourceTree = "<group>"; };
		942815F21AB3F496004EE6DF /* GameScene.m */ = {isa = PBXFileReference; lastKnownFileType = sourcecode.c.objc; path = GameScene.m; sourceTree = "<group>"; };
		942815F41AB3F496004EE6DF /* GameScene.sks */ = {isa = PBXFileReference; lastKnownFileType = file.sks; path = GameScene.sks; sourceTree = "<group>"; };
		942815F61AB3F496004EE6DF /* GameViewController.h */ = {isa = PBXFileReference; lastKnownFileType = sourcecode.c.h; path = GameViewController.h; sourceTree = "<group>"; };
		942815F71AB3F496004EE6DF /* GameViewController.m */ = {isa = PBXFileReference; lastKnownFileType = sourcecode.c.objc; path = GameViewController.m; sourceTree = "<group>"; };
		942815FA1AB3F496004EE6DF /* Base */ = {isa = PBXFileReference; lastKnownFileType = file.storyboard; name = Base; path = Base.lproj/Main.storyboard; sourceTree = "<group>"; };
		942815FC1AB3F496004EE6DF /* Images.xcassets */ = {isa = PBXFileReference; lastKnownFileType = folder.assetcatalog; path = Images.xcassets; sourceTree = "<group>"; };
		942815FF1AB3F496004EE6DF /* Base */ = {isa = PBXFileReference; lastKnownFileType = file.xib; name = Base; path = Base.lproj/LaunchScreen.xib; sourceTree = "<group>"; };
		942816051AB3F496004EE6DF /* airplaneTests.xctest */ = {isa = PBXFileReference; explicitFileType = wrapper.cfbundle; includeInIndex = 0; path = airplaneTests.xctest; sourceTree = BUILT_PRODUCTS_DIR; };
		9428160A1AB3F496004EE6DF /* Info.plist */ = {isa = PBXFileReference; lastKnownFileType = text.plist.xml; path = Info.plist; sourceTree = "<group>"; };
		9428160B1AB3F496004EE6DF /* airplaneTests.m */ = {isa = PBXFileReference; lastKnownFileType = sourcecode.c.objc; path = airplaneTests.m; sourceTree = "<group>"; };
		942816151AB3F786004EE6DF /* airPlanesBackground.png */ = {isa = PBXFileReference; lastKnownFileType = image.png; path = airPlanesBackground.png; sourceTree = "<group>"; };
		942816161AB3F786004EE6DF /* PLANE 8 L.png */ = {isa = PBXFileReference; lastKnownFileType = image.png; path = "PLANE 8 L.png"; sourceTree = "<group>"; };
		942816171AB3F786004EE6DF /* PLANE 8 N.png */ = {isa = PBXFileReference; lastKnownFileType = image.png; path = "PLANE 8 N.png"; sourceTree = "<group>"; };
		942816181AB3F786004EE6DF /* PLANE 8 R.png */ = {isa = PBXFileReference; lastKnownFileType = image.png; path = "PLANE 8 R.png"; sourceTree = "<group>"; };
		942816191AB3F786004EE6DF /* PLANE 8 SHADOW.png */ = {isa = PBXFileReference; lastKnownFileType = image.png; path = "PLANE 8 SHADOW.png"; sourceTree = "<group>"; };
		9428161A1AB3F786004EE6DF /* PLANE PROPELLER 1.png */ = {isa = PBXFileReference; lastKnownFileType = image.png; path = "PLANE PROPELLER 1.png"; sourceTree = "<group>"; };
		9428161B1AB3F786004EE6DF /* PLANE PROPELLER 2.png */ = {isa = PBXFileReference; lastKnownFileType = image.png; path = "PLANE PROPELLER 2.png"; sourceTree = "<group>"; };
		942816231AB43710004EE6DF /* trail.sks */ = {isa = PBXFileReference; lastKnownFileType = file.sks; path = trail.sks; sourceTree = "<group>"; };
		942816241AB43710004EE6DF /* spark.png */ = {isa = PBXFileReference; lastKnownFileType = image.png; path = spark.png; sourceTree = "<group>"; };
		942816271AB4388B004EE6DF /* B 2.png */ = {isa = PBXFileReference; lastKnownFileType = image.png; path = "B 2.png"; sourceTree = "<group>"; };
		942816281AB4388B004EE6DF /* PLANE 1 N.png */ = {isa = PBXFileReference; lastKnownFileType = image.png; path = "PLANE 1 N.png"; sourceTree = "<group>"; };
		942816291AB4388B004EE6DF /* PLANE 2 N.png */ = {isa = PBXFileReference; lastKnownFileType = image.png; path = "PLANE 2 N.png"; sourceTree = "<group>"; };
		9428162A1AB4388B004EE6DF /* SMOKE TRAIL.png */ = {isa = PBXFileReference; lastKnownFileType = image.png; path = "SMOKE TRAIL.png"; sourceTree = "<group>"; };
		94A509401AB5961E00905E82 /* EXPLOSION.atlas */ = {isa = PBXFileReference; lastKnownFileType = folder.skatlas; path = EXPLOSION.atlas; sourceTree = "<group>"; };
		94A509421AB59AA600905E82 /* Clouds.atlas */ = {isa = PBXFileReference; lastKnownFileType = folder.skatlas; path = Clouds.atlas; sourceTree = "<group>"; };
/* End PBXFileReference section */

/* Begin PBXFrameworksBuildPhase section */
		942815E41AB3F496004EE6DF /* Frameworks */ = {
			isa = PBXFrameworksBuildPhase;
			buildActionMask = 2147483647;
			files = (
			);
			runOnlyForDeploymentPostprocessing = 0;
		};
		942816021AB3F496004EE6DF /* Frameworks */ = {
			isa = PBXFrameworksBuildPhase;
			buildActionMask = 2147483647;
			files = (
			);
			runOnlyForDeploymentPostprocessing = 0;
		};
/* End PBXFrameworksBuildPhase section */

/* Begin PBXGroup section */
		942815DE1AB3F496004EE6DF = {
			isa = PBXGroup;
			children = (
				942815E91AB3F496004EE6DF /* airplane */,
				942816081AB3F496004EE6DF /* airplaneTests */,
				942815E81AB3F496004EE6DF /* Products */,
			);
			sourceTree = "<group>";
		};
		942815E81AB3F496004EE6DF /* Products */ = {
			isa = PBXGroup;
			children = (
				942815E71AB3F496004EE6DF /* airplane.app */,
				942816051AB3F496004EE6DF /* airplaneTests.xctest */,
			);
			name = Products;
			sourceTree = "<group>";
		};
		942815E91AB3F496004EE6DF /* airplane */ = {
			isa = PBXGroup;
			children = (
				942815EE1AB3F496004EE6DF /* AppDelegate.h */,
				942815EF1AB3F496004EE6DF /* AppDelegate.m */,
				942815F11AB3F496004EE6DF /* GameScene.h */,
				942815F21AB3F496004EE6DF /* GameScene.m */,
				942816231AB43710004EE6DF /* trail.sks */,
				942816241AB43710004EE6DF /* spark.png */,
				942815F41AB3F496004EE6DF /* GameScene.sks */,
				942815F61AB3F496004EE6DF /* GameViewController.h */,
				942815F71AB3F496004EE6DF /* GameViewController.m */,
				942815F91AB3F496004EE6DF /* Main.storyboard */,
				942815FC1AB3F496004EE6DF /* Images.xcassets */,
				942815FE1AB3F496004EE6DF /* LaunchScreen.xib */,
				942815EA1AB3F496004EE6DF /* Supporting Files */,
			);
			path = airplane;
			sourceTree = "<group>";
		};
		942815EA1AB3F496004EE6DF /* Supporting Files */ = {
			isa = PBXGroup;
			children = (
				94A509421AB59AA600905E82 /* Clouds.atlas */,
				94A509401AB5961E00905E82 /* EXPLOSION.atlas */,
				942816271AB4388B004EE6DF /* B 2.png */,
				942816281AB4388B004EE6DF /* PLANE 1 N.png */,
				942816291AB4388B004EE6DF /* PLANE 2 N.png */,
				9428162A1AB4388B004EE6DF /* SMOKE TRAIL.png */,
				942816151AB3F786004EE6DF /* airPlanesBackground.png */,
				942816161AB3F786004EE6DF /* PLANE 8 L.png */,
				942816171AB3F786004EE6DF /* PLANE 8 N.png */,
				942816181AB3F786004EE6DF /* PLANE 8 R.png */,
				942816191AB3F786004EE6DF /* PLANE 8 SHADOW.png */,
				9428161A1AB3F786004EE6DF /* PLANE PROPELLER 1.png */,
				9428161B1AB3F786004EE6DF /* PLANE PROPELLER 2.png */,
				942815EB1AB3F496004EE6DF /* Info.plist */,
				942815EC1AB3F496004EE6DF /* main.m */,
			);
			name = "Supporting Files";
			sourceTree = "<group>";
		};
		942816081AB3F496004EE6DF /* airplaneTests */ = {
			isa = PBXGroup;
			children = (
				9428160B1AB3F496004EE6DF /* airplaneTests.m */,
				942816091AB3F496004EE6DF /* Supporting Files */,
			);
			path = airplaneTests;
			sourceTree = "<group>";
		};
		942816091AB3F496004EE6DF /* Supporting Files */ = {
			isa = PBXGroup;
			children = (
				9428160A1AB3F496004EE6DF /* Info.plist */,
			);
			name = "Supporting Files";
			sourceTree = "<group>";
		};
/* End PBXGroup section */

/* Begin PBXNativeTarget section */
		942815E61AB3F496004EE6DF /* airplane */ = {
			isa = PBXNativeTarget;
			buildConfigurationList = 9428160F1AB3F496004EE6DF /* Build configuration list for PBXNativeTarget "airplane" */;
			buildPhases = (
				942815E31AB3F496004EE6DF /* Sources */,
				942815E41AB3F496004EE6DF /* Frameworks */,
				942815E51AB3F496004EE6DF /* Resources */,
			);
			buildRules = (
			);
			dependencies = (
			);
			name = airplane;
			productName = airplane;
			productReference = 942815E71AB3F496004EE6DF /* airplane.app */;
			productType = "com.apple.product-type.application";
		};
		942816041AB3F496004EE6DF /* airplaneTests */ = {
			isa = PBXNativeTarget;
			buildConfigurationList = 942816121AB3F496004EE6DF /* Build configuration list for PBXNativeTarget "airplaneTests" */;
			buildPhases = (
				942816011AB3F496004EE6DF /* Sources */,
				942816021AB3F496004EE6DF /* Frameworks */,
				942816031AB3F496004EE6DF /* Resources */,
			);
			buildRules = (
			);
			dependencies = (
				942816071AB3F496004EE6DF /* PBXTargetDependency */,
			);
			name = airplaneTests;
			productName = airplaneTests;
			productReference = 942816051AB3F496004EE6DF /* airplaneTests.xctest */;
			productType = "com.apple.product-type.bundle.unit-test";
		};
/* End PBXNativeTarget section */

/* Begin PBXProject section */
		942815DF1AB3F496004EE6DF /* Project object */ = {
			isa = PBXProject;
			attributes = {
				LastUpgradeCheck = 0610;
				ORGANIZATIONNAME = 366;
				TargetAttributes = {
					942815E61AB3F496004EE6DF = {
						CreatedOnToolsVersion = 6.1.1;
					};
					942816041AB3F496004EE6DF = {
						CreatedOnToolsVersion = 6.1.1;
						TestTargetID = 942815E61AB3F496004EE6DF;
					};
				};
			};
			buildConfigurationList = 942815E21AB3F496004EE6DF /* Build configuration list for PBXProject "airplane" */;
			compatibilityVersion = "Xcode 3.2";
			developmentRegion = English;
			hasScannedForEncodings = 0;
			knownRegions = (
				en,
				Base,
			);
			mainGroup = 942815DE1AB3F496004EE6DF;
			productRefGroup = 942815E81AB3F496004EE6DF /* Products */;
			projectDirPath = "";
			projectRoot = "";
			targets = (
				942815E61AB3F496004EE6DF /* airplane */,
				942816041AB3F496004EE6DF /* airplaneTests */,
			);
		};
/* End PBXProject section */

/* Begin PBXResourcesBuildPhase section */
		942815E51AB3F496004EE6DF /* Resources */ = {
			isa = PBXResourcesBuildPhase;
			buildActionMask = 2147483647;
			files = (
				9428162D1AB4388B004EE6DF /* PLANE 2 N.png in Resources */,
				94A509431AB59AA600905E82 /* Clouds.atlas in Resources */,
				9428161D1AB3F786004EE6DF /* PLANE 8 L.png in Resources */,
				942816201AB3F786004EE6DF /* PLANE 8 SHADOW.png in Resources */,
				94A509411AB5961E00905E82 /* EXPLOSION.atlas in Resources */,
				942816001AB3F496004EE6DF /* LaunchScreen.xib in Resources */,
				9428161F1AB3F786004EE6DF /* PLANE 8 R.png in Resources */,
				942816211AB3F786004EE6DF /* PLANE PROPELLER 1.png in Resources */,
				942816261AB43710004EE6DF /* spark.png in Resources */,
				9428162E1AB4388B004EE6DF /* SMOKE TRAIL.png in Resources */,
				942815FD1AB3F496004EE6DF /* Images.xcassets in Resources */,
				9428161C1AB3F786004EE6DF /* airPlanesBackground.png in Resources */,
				9428161E1AB3F786004EE6DF /* PLANE 8 N.png in Resources */,
				942816251AB43710004EE6DF /* trail.sks in Resources */,
				9428162C1AB4388B004EE6DF /* PLANE 1 N.png in Resources */,
				9428162B1AB4388B004EE6DF /* B 2.png in Resources */,
				942816221AB3F786004EE6DF /* PLANE PROPELLER 2.png in Resources */,
				942815F51AB3F496004EE6DF /* GameScene.sks in Resources */,
				942815FB1AB3F496004EE6DF /* Main.storyboard in Resources */,
			);
			runOnlyForDeploymentPostprocessing = 0;
		};
		942816031AB3F496004EE6DF /* Resources */ = {
			isa = PBXResourcesBuildPhase;
			buildActionMask = 2147483647;
			files = (
			);
			runOnlyForDeploymentPostprocessing = 0;
		};
/* End PBXResourcesBuildPhase section */

/* Begin PBXSourcesBuildPhase section */
		942815E31AB3F496004EE6DF /* Sources */ = {
			isa = PBXSourcesBuildPhase;
			buildActionMask = 2147483647;
			files = (
				942815F81AB3F496004EE6DF /* GameViewController.m in Sources */,
				942815F01AB3F496004EE6DF /* AppDelegate.m in Sources */,
				942815F31AB3F496004EE6DF /* GameScene.m in Sources */,
				942815ED1AB3F496004EE6DF /* main.m in Sources */,
			);
			runOnlyForDeploymentPostprocessing = 0;
		};
		942816011AB3F496004EE6DF /* Sources */ = {
			isa = PBXSourcesBuildPhase;
			buildActionMask = 2147483647;
			files = (
				9428160C1AB3F496004EE6DF /* airplaneTests.m in Sources */,
			);
			runOnlyForDeploymentPostprocessing = 0;
		};
/* End PBXSourcesBuildPhase section */

/* Begin PBXTargetDependency section */
		942816071AB3F496004EE6DF /* PBXTargetDependency */ = {
			isa = PBXTargetDependency;
			target = 942815E61AB3F496004EE6DF /* airplane */;
			targetProxy = 942816061AB3F496004EE6DF /* PBXContainerItemProxy */;
		};
/* End PBXTargetDependency section */

/* Begin PBXVariantGroup section */
		942815F91AB3F496004EE6DF /* Main.storyboard */ = {
			isa = PBXVariantGroup;
			children = (
				942815FA1AB3F496004EE6DF /* Base */,
			);
			name = Main.storyboard;
			sourceTree = "<group>";
		};
		942815FE1AB3F496004EE6DF /* LaunchScreen.xib */ = {
			isa = PBXVariantGroup;
			children = (
				942815FF1AB3F496004EE6DF /* Base */,
			);
			name = LaunchScreen.xib;
			sourceTree = "<group>";
		};
/* End PBXVariantGroup section */

/* Begin XCBuildConfiguration section */
		9428160D1AB3F496004EE6DF /* Debug */ = {
			isa = XCBuildConfiguration;
			buildSettings = {
				ALWAYS_SEARCH_USER_PATHS = NO;
				CLANG_CXX_LANGUAGE_STANDARD = "gnu++0x";
				CLANG_CXX_LIBRARY = "libc++";
				CLANG_ENABLE_MODULES = YES;
				CLANG_ENABLE_OBJC_ARC = YES;
				CLANG_WARN_BOOL_CONVERSION = YES;
				CLANG_WARN_CONSTANT_CONVERSION = YES;
				CLANG_WARN_DIRECT_OBJC_ISA_USAGE = YES_ERROR;
				CLANG_WARN_EMPTY_BODY = YES;
				CLANG_WARN_ENUM_CONVERSION = YES;
				CLANG_WARN_INT_CONVERSION = YES;
				CLANG_WARN_OBJC_ROOT_CLASS = YES_ERROR;
				CLANG_WARN_UNREACHABLE_CODE = YES;
				CLANG_WARN__DUPLICATE_METHOD_MATCH = YES;
				"CODE_SIGN_IDENTITY[sdk=iphoneos*]" = "iPhone Developer";
				COPY_PHASE_STRIP = NO;
				ENABLE_STRICT_OBJC_MSGSEND = YES;
				GCC_C_LANGUAGE_STANDARD = gnu99;
				GCC_DYNAMIC_NO_PIC = NO;
				GCC_OPTIMIZATION_LEVEL = 0;
				GCC_PREPROCESSOR_DEFINITIONS = (
					"DEBUG=1",
					"$(inherited)",
				);
				GCC_SYMBOLS_PRIVATE_EXTERN = NO;
				GCC_WARN_64_TO_32_BIT_CONVERSION = YES;
				GCC_WARN_ABOUT_RETURN_TYPE = YES_ERROR;
				GCC_WARN_UNDECLARED_SELECTOR = YES;
				GCC_WARN_UNINITIALIZED_AUTOS = YES_AGGRESSIVE;
				GCC_WARN_UNUSED_FUNCTION = YES;
				GCC_WARN_UNUSED_VARIABLE = YES;
				IPHONEOS_DEPLOYMENT_TARGET = 8.1;
				MTL_ENABLE_DEBUG_INFO = YES;
				ONLY_ACTIVE_ARCH = YES;
				SDKROOT = iphoneos;
				TARGETED_DEVICE_FAMILY = 2;
			};
			name = Debug;
		};
		9428160E1AB3F496004EE6DF /* Release */ = {
			isa = XCBuildConfiguration;
			buildSettings = {
				ALWAYS_SEARCH_USER_PATHS = NO;
				CLANG_CXX_LANGUAGE_STANDARD = "gnu++0x";
				CLANG_CXX_LIBRARY = "libc++";
				CLANG_ENABLE_MODULES = YES;
				CLANG_ENABLE_OBJC_ARC = YES;
				CLANG_WARN_BOOL_CONVERSION = YES;
				CLANG_WARN_CONSTANT_CONVERSION = YES;
				CLANG_WARN_DIRECT_OBJC_ISA_USAGE = YES_ERROR;
				CLANG_WARN_EMPTY_BODY = YES;
				CLANG_WARN_ENUM_CONVERSION = YES;
				CLANG_WARN_INT_CONVERSION = YES;
				CLANG_WARN_OBJC_ROOT_CLASS = YES_ERROR;
				CLANG_WARN_UNREACHABLE_CODE = YES;
				CLANG_WARN__DUPLICATE_METHOD_MATCH = YES;
				"CODE_SIGN_IDENTITY[sdk=iphoneos*]" = "iPhone Developer";
				COPY_PHASE_STRIP = YES;
				ENABLE_NS_ASSERTIONS = NO;
				ENABLE_STRICT_OBJC_MSGSEND = YES;
				GCC_C_LANGUAGE_STANDARD = gnu99;
				GCC_WARN_64_TO_32_BIT_CONVERSION = YES;
				GCC_WARN_ABOUT_RETURN_TYPE = YES_ERROR;
				GCC_WARN_UNDECLARED_SELECTOR = YES;
				GCC_WARN_UNINITIALIZED_AUTOS = YES_AGGRESSIVE;
				GCC_WARN_UNUSED_FUNCTION = YES;
				GCC_WARN_UNUSED_VARIABLE = YES;
				IPHONEOS_DEPLOYMENT_TARGET = 8.1;
				MTL_ENABLE_DEBUG_INFO = NO;
				SDKROOT = iphoneos;
				TARGETED_DEVICE_FAMILY = 2;
				VALIDATE_PRODUCT = YES;
			};
			name = Release;
		};
		942816101AB3F496004EE6DF /* Debug */ = {
			isa = XCBuildConfiguration;
			buildSettings = {
				ASSETCATALOG_COMPILER_APPICON_NAME = AppIcon;
				INFOPLIST_FILE = airplane/Info.plist;
				LD_RUNPATH_SEARCH_PATHS = "$(inherited) @executable_path/Frameworks";
				PRODUCT_NAME = "$(TARGET_NAME)";
				TARGETED_DEVICE_FAMILY = 2;
			};
			name = Debug;
		};
		942816111AB3F496004EE6DF /* Release */ = {
			isa = XCBuildConfiguration;
			buildSettings = {
				ASSETCATALOG_COMPILER_APPICON_NAME = AppIcon;
				INFOPLIST_FILE = airplane/Info.plist;
				LD_RUNPATH_SEARCH_PATHS = "$(inherited) @executable_path/Frameworks";
				PRODUCT_NAME = "$(TARGET_NAME)";
				TARGETED_DEVICE_FAMILY = 2;
			};
			name = Release;
		};
		942816131AB3F496004EE6DF /* Debug */ = {
			isa = XCBuildConfiguration;
			buildSettings = {
				BUNDLE_LOADER = "$(TEST_HOST)";
				FRAMEWORK_SEARCH_PATHS = (
					"$(SDKROOT)/Developer/Library/Frameworks",
					"$(inherited)",
				);
				GCC_PREPROCESSOR_DEFINITIONS = (
					"DEBUG=1",
					"$(inherited)",
				);
				INFOPLIST_FILE = airplaneTests/Info.plist;
				LD_RUNPATH_SEARCH_PATHS = "$(inherited) @executable_path/Frameworks @loader_path/Frameworks";
				PRODUCT_NAME = "$(TARGET_NAME)";
				TEST_HOST = "$(BUILT_PRODUCTS_DIR)/airplane.app/airplane";
			};
			name = Debug;
		};
		942816141AB3F496004EE6DF /* Release */ = {
			isa = XCBuildConfiguration;
			buildSettings = {
				BUNDLE_LOADER = "$(TEST_HOST)";
				FRAMEWORK_SEARCH_PATHS = (
					"$(SDKROOT)/Developer/Library/Frameworks",
					"$(inherited)",
				);
				INFOPLIST_FILE = airplaneTests/Info.plist;
				LD_RUNPATH_SEARCH_PATHS = "$(inherited) @executable_path/Frameworks @loader_path/Frameworks";
				PRODUCT_NAME = "$(TARGET_NAME)";
				TEST_HOST = "$(BUILT_PRODUCTS_DIR)/airplane.app/airplane";
			};
			name = Release;
		};
/* End XCBuildConfiguration section */

/* Begin XCConfigurationList section */
		942815E21AB3F496004EE6DF /* Build configuration list for PBXProject "airplane" */ = {
			isa = XCConfigurationList;
			buildConfigurations = (
				9428160D1AB3F496004EE6DF /* Debug */,
				9428160E1AB3F496004EE6DF /* Release */,
			);
			defaultConfigurationIsVisible = 0;
			defaultConfigurationName = Release;
		};
		9428160F1AB3F496004EE6DF /* Build configuration list for PBXNativeTarget "airplane" */ = {
			isa = XCConfigurationList;
			buildConfigurations = (
				942816101AB3F496004EE6DF /* Debug */,
				942816111AB3F496004EE6DF /* Release */,
			);
			defaultConfigurationIsVisible = 0;
			defaultConfigurationName = Release;
		};
		942816121AB3F496004EE6DF /* Build configuration list for PBXNativeTarget "airplaneTests" */ = {
			isa = XCConfigurationList;
			buildConfigurations = (
				942816131AB3F496004EE6DF /* Debug */,
				942816141AB3F496004EE6DF /* Release */,
			);
			defaultConfigurationIsVisible = 0;
			defaultConfigurationName = Release;
		};
/* End XCConfigurationList section */
	};
	rootObject = 942815DF1AB3F496004EE6DF /* Project object */;
}
